<?xml version="1.0" encoding="utf-8"?>
<Project ToolsVersion="4.0" xmlns="http://schemas.microsoft.com/developer/msbuild/2003">
  <ItemGroup>
    <Filter Include="Source Files">
      <UniqueIdentifier>{4FC737F1-C7A5-4376-A066-2A32D752A2FF}</UniqueIdentifier>
      <Extensions>cpp;c;cc;cxx;c++;cppm;ixx;def;odl;idl;hpj;bat;asm;asmx</Extensions>
    </Filter>
    <Filter Include="Header Files">
      <UniqueIdentifier>{93995380-89BD-4b04-88EB-625FBE52EBFB}</UniqueIdentifier>
      <Extensions>h;hh;hpp;hxx;h++;hm;inl;inc;ipp;xsd</Extensions>
    </Filter>
    <Filter Include="Resource Files">
      <UniqueIdentifier>{67DA6AB6-F800-4c08-8B7A-83BB121AAD01}</UniqueIdentifier>
      <Extensions>rc;ico;cur;bmp;dlg;rc2;rct;bin;rgs;gif;jpg;jpeg;jpe;resx;tiff;tif;png;wav;mfcribbon-ms</Extensions>
    </Filter>
    <Filter Include="Missions">
      <UniqueIdentifier>{5abf88f9-924a-491d-8040-1117070ee800}</UniqueIdentifier>
    </Filter>
    <Filter Include="Rovers">
      <UniqueIdentifier>{bd78928c-2dd4-43bf-9a1e-8e4f1b162058}</UniqueIdentifier>
    </Filter>
    <Filter Include="User Interface">
      <UniqueIdentifier>{f47b6bf8-9624-4f81-b400-2dd52aa615d8}</UniqueIdentifier>
    </Filter>
    <Filter Include="Events">
      <UniqueIdentifier>{81a8e409-b45b-4cc8-b3d8-c86e81c763dc}</UniqueIdentifier>
    </Filter>
  </ItemGroup>
  <ItemGroup>
    <ClCompile Include="Source.cpp">
      <Filter>Source Files</Filter>
    </ClCompile>
    <ClCompile Include="Mission.cpp">
      <Filter>Missions</Filter>
    </ClCompile>
    <ClCompile Include="Mission_Emergency.cpp">
      <Filter>Missions</Filter>
    </ClCompile>
    <ClCompile Include="Mission_Polar.cpp">
      <Filter>Missions</Filter>
    </ClCompile>
    <ClCompile Include="Rover.cpp">
      <Filter>Rovers</Filter>
    </ClCompile>
    <ClCompile Include="Rover_Polar.cpp">
      <Filter>Rovers</Filter>
    </ClCompile>
    <ClCompile Include="Rover_Emergency.cpp">
      <Filter>Rovers</Filter>
    </ClCompile>
    <ClCompile Include="MarsStation.cpp">
      <Filter>Source Files</Filter>
    </ClCompile>
    <ClCompile Include="UI.cpp">
      <Filter>User Interface</Filter>
    </ClCompile>
    <ClCompile Include="Event.cpp">
      <Filter>Events</Filter>
    </ClCompile>
  </ItemGroup>
  <ItemGroup>
    <ClInclude Include="..\data sturctures\Node.h">
      <Filter>Header Files</Filter>
    </ClInclude>
    <ClInclude Include="..\data sturctures\Node2.h">
      <Filter>Header Files</Filter>
    </ClInclude>
    <ClInclude Include="..\data sturctures\PriQ.h">
      <Filter>Header Files</Filter>
    </ClInclude>
    <ClInclude Include="..\data sturctures\Queue.h">
      <Filter>Header Files</Filter>
    </ClInclude>
    <ClInclude Include="Mission.h">
      <Filter>Missions</Filter>
    </ClInclude>
    <ClInclude Include="Mission_Emergency.h">
      <Filter>Missions</Filter>
    </ClInclude>
    <ClInclude Include="Mission_Polar.h">
      <Filter>Missions</Filter>
    </ClInclude>
    <ClInclude Include="Rover.h">
      <Filter>Rovers</Filter>
    </ClInclude>
    <ClInclude Include="Rover_Polar.h">
      <Filter>Rovers</Filter>
    </ClInclude>
    <ClInclude Include="Rover_Emergency.h">
      <Filter>Rovers</Filter>
    </ClInclude>
    <ClInclude Include="MarsStation.h">
      <Filter>Source Files</Filter>
    </ClInclude>
    <ClInclude Include="UI.h">
      <Filter>User Interface</Filter>
    </ClInclude>
    <ClInclude Include="Event.h">
      <Filter>Events</Filter>
    </ClInclude>
  </ItemGroup>
</Project>